
Microsoft Visual Studio Solution File, Format Version 12.00
# Visual Studio Version 17
VisualStudioVersion = 17.5.002.0
MinimumVisualStudioVersion = 10.0.40219.1
Project("{9A19103F-16F7-4668-BE54-9A1E7A4F7556}") = "StockApp", "StockApp\StockApp.csproj", "{B6939084-3BA1-4DEF-8F06-4531E6555E76}"
EndProject
Global
	GlobalSection(SolutionConfigurationPlatforms) = preSolution
		Debug|Any CPU = Debug|Any CPU
		Release|Any CPU = Release|Any CPU
	EndGlobalSection
	GlobalSection(ProjectConfigurationPlatforms) = postSolution
		{B6939084-3BA1-4DEF-8F06-4531E6555E76}.Debug|Any CPU.ActiveCfg = Debug|Any CPU
		{B6939084-3BA1-4DEF-8F06-4531E6555E76}.Debug|Any CPU.Build.0 = Debug|Any CPU
		{B6939084-3BA1-4DEF-8F06-4531E6555E76}.Release|Any CPU.ActiveCfg = Release|Any CPU
		{B6939084-3BA1-4DEF-8F06-4531E6555E76}.Release|Any CPU.Build.0 = Release|Any CPU
	EndGlobalSection
	GlobalSection(SolutionProperties) = preSolution
		HideSolutionNode = FALSE
	EndGlobalSection
	GlobalSection(ExtensibilityGlobals) = postSolution
		SolutionGuid = {0AFE917F-BDB9-430E-B4C5-4943C5648136}
	EndGlobalSection
EndGlobal
